
Microsoft Visual Studio Solution File, Format Version 12.00
# Visual Studio 14
VisualStudioVersion = 14.0.25420.1
MinimumVisualStudioVersion = 10.0.40219.1
Project("{FAE04EC0-301F-11D3-BF4B-00C04F79EFBC}") = "HackathonTestAutomation.Tests", "HackathonTestAutomation.Tests\HackathonTestAutomation.Tests.csproj", "{1A3702EE-468D-42E5-8881-7414ED67C60E}"
EndProject
Project("{FAE04EC0-301F-11D3-BF4B-00C04F79EFBC}") = "HackathonTestAutomation.Common", "HackathonTestAutomation.Common\HackathonTestAutomation.Common.csproj", "{A13422FC-9A77-4675-8B35-945A7E87E391}"
EndProject
Project("{FAE04EC0-301F-11D3-BF4B-00C04F79EFBC}") = "HackathonTestAutomation.TestRunner", "HackathonTestAutomation.TestRunner\HackathonTestAutomation.TestRunner.csproj", "{C5DC1ACF-7E74-431D-BB71-9FA714754947}"
EndProject
Global
	GlobalSection(SolutionConfigurationPlatforms) = preSolution
		Debug|Any CPU = Debug|Any CPU
		Release|Any CPU = Release|Any CPU
	EndGlobalSection
	GlobalSection(ProjectConfigurationPlatforms) = postSolution
		{1A3702EE-468D-42E5-8881-7414ED67C60E}.Debug|Any CPU.ActiveCfg = Debug|Any CPU
		{1A3702EE-468D-42E5-8881-7414ED67C60E}.Debug|Any CPU.Build.0 = Debug|Any CPU
		{1A3702EE-468D-42E5-8881-7414ED67C60E}.Release|Any CPU.ActiveCfg = Release|Any CPU
		{1A3702EE-468D-42E5-8881-7414ED67C60E}.Release|Any CPU.Build.0 = Release|Any CPU
		{A13422FC-9A77-4675-8B35-945A7E87E391}.Debug|Any CPU.ActiveCfg = Debug|Any CPU
		{A13422FC-9A77-4675-8B35-945A7E87E391}.Debug|Any CPU.Build.0 = Debug|Any CPU
		{A13422FC-9A77-4675-8B35-945A7E87E391}.Release|Any CPU.ActiveCfg = Release|Any CPU
		{A13422FC-9A77-4675-8B35-945A7E87E391}.Release|Any CPU.Build.0 = Release|Any CPU
		{C5DC1ACF-7E74-431D-BB71-9FA714754947}.Debug|Any CPU.ActiveCfg = Debug|Any CPU
		{C5DC1ACF-7E74-431D-BB71-9FA714754947}.Debug|Any CPU.Build.0 = Debug|Any CPU
		{C5DC1ACF-7E74-431D-BB71-9FA714754947}.Release|Any CPU.ActiveCfg = Release|Any CPU
		{C5DC1ACF-7E74-431D-BB71-9FA714754947}.Release|Any CPU.Build.0 = Release|Any CPU
	EndGlobalSection
	GlobalSection(SolutionProperties) = preSolution
		HideSolutionNode = FALSE
	EndGlobalSection
EndGlobal
